// !$*UTF8*$!
{
	archiveVersion = 1;
	classes = {
	};
	objectVersion = 56;
	objects = {

/* Begin PBXBuildFile section */
		B332EB0228FBAD620088E168 /* ProfileModel.swift in Sources */ = {isa = PBXBuildFile; fileRef = B332EB0128FBAD620088E168 /* ProfileModel.swift */; };
		B332EB0428FBAD980088E168 /* RoundButton.swift in Sources */ = {isa = PBXBuildFile; fileRef = B332EB0328FBAD980088E168 /* RoundButton.swift */; };
		B332EB0628FBB8890088E168 /* HomeViewController.swift in Sources */ = {isa = PBXBuildFile; fileRef = B332EB0528FBB8890088E168 /* HomeViewController.swift */; };
		B332EB0828FBB8910088E168 /* UpdateViewController.swift in Sources */ = {isa = PBXBuildFile; fileRef = B332EB0728FBB8910088E168 /* UpdateViewController.swift */; };
		B3363C3928FBABB200460A6D /* AppDelegate.swift in Sources */ = {isa = PBXBuildFile; fileRef = B3363C3828FBABB200460A6D /* AppDelegate.swift */; };
		B3363C3B28FBABB200460A6D /* SceneDelegate.swift in Sources */ = {isa = PBXBuildFile; fileRef = B3363C3A28FBABB200460A6D /* SceneDelegate.swift */; };
		B3363C3D28FBABB200460A6D /* CreateViewController.swift in Sources */ = {isa = PBXBuildFile; fileRef = B3363C3C28FBABB200460A6D /* CreateViewController.swift */; };
		B3363C4028FBABB200460A6D /* Main.storyboard in Resources */ = {isa = PBXBuildFile; fileRef = B3363C3E28FBABB200460A6D /* Main.storyboard */; };
		B3363C4228FBABB300460A6D /* Assets.xcassets in Resources */ = {isa = PBXBuildFile; fileRef = B3363C4128FBABB300460A6D /* Assets.xcassets */; };
		B3363C4528FBABB300460A6D /* LaunchScreen.storyboard in Resources */ = {isa = PBXBuildFile; fileRef = B3363C4328FBABB300460A6D /* LaunchScreen.storyboard */; };
/* End PBXBuildFile section */

/* Begin PBXFileReference section */
		B332EB0128FBAD620088E168 /* ProfileModel.swift */ = {isa = PBXFileReference; lastKnownFileType = sourcecode.swift; path = ProfileModel.swift; sourceTree = "<group>"; };
		B332EB0328FBAD980088E168 /* RoundButton.swift */ = {isa = PBXFileReference; lastKnownFileType = sourcecode.swift; path = RoundButton.swift; sourceTree = "<group>"; };
		B332EB0528FBB8890088E168 /* HomeViewController.swift */ = {isa = PBXFileReference; lastKnownFileType = sourcecode.swift; path = HomeViewController.swift; sourceTree = "<group>"; };
		B332EB0728FBB8910088E168 /* UpdateViewController.swift */ = {isa = PBXFileReference; lastKnownFileType = sourcecode.swift; path = UpdateViewController.swift; sourceTree = "<group>"; };
		B3363C3528FBABB200460A6D /* Ex 01 User Default.app */ = {isa = PBXFileReference; explicitFileType = wrapper.application; includeInIndex = 0; path = "Ex 01 User Default.app"; sourceTree = BUILT_PRODUCTS_DIR; };
		B3363C3828FBABB200460A6D /* AppDelegate.swift */ = {isa = PBXFileReference; lastKnownFileType = sourcecode.swift; path = AppDelegate.swift; sourceTree = "<group>"; };
		B3363C3A28FBABB200460A6D /* SceneDelegate.swift */ = {isa = PBXFileReference; lastKnownFileType = sourcecode.swift; path = SceneDelegate.swift; sourceTree = "<group>"; };
		B3363C3C28FBABB200460A6D /* CreateViewController.swift */ = {isa = PBXFileReference; lastKnownFileType = sourcecode.swift; path = CreateViewController.swift; sourceTree = "<group>"; };
		B3363C3F28FBABB200460A6D /* Base */ = {isa = PBXFileReference; lastKnownFileType = file.storyboard; name = Base; path = Base.lproj/Main.storyboard; sourceTree = "<group>"; };
		B3363C4128FBABB300460A6D /* Assets.xcassets */ = {isa = PBXFileReference; lastKnownFileType = folder.assetcatalog; path = Assets.xcassets; sourceTree = "<group>"; };
		B3363C4428FBABB300460A6D /* Base */ = {isa = PBXFileReference; lastKnownFileType = file.storyboard; name = Base; path = Base.lproj/LaunchScreen.storyboard; sourceTree = "<group>"; };
		B3363C4628FBABB300460A6D /* Info.plist */ = {isa = PBXFileReference; lastKnownFileType = text.plist.xml; path = Info.plist; sourceTree = "<group>"; };
/* End PBXFileReference section */

/* Begin PBXFrameworksBuildPhase section */
		B3363C3228FBABB200460A6D /* Frameworks */ = {
			isa = PBXFrameworksBuildPhase;
			buildActionMask = 2147483647;
			files = (
			);
			runOnlyForDeploymentPostprocessing = 0;
		};
/* End PBXFrameworksBuildPhase section */

/* Begin PBXGroup section */
		B332EAFD28FBACD90088E168 /* Model */ = {
			isa = PBXGroup;
			children = (
				B332EB0128FBAD620088E168 /* ProfileModel.swift */,
			);
			path = Model;
			sourceTree = "<group>";
		};
		B332EAFE28FBACF30088E168 /* Util */ = {
			isa = PBXGroup;
			children = (
				B332EB0328FBAD980088E168 /* RoundButton.swift */,
			);
			path = Util;
			sourceTree = "<group>";
		};
		B332EAFF28FBAD0D0088E168 /* Base */ = {
			isa = PBXGroup;
			children = (
				B3363C3828FBABB200460A6D /* AppDelegate.swift */,
				B3363C3A28FBABB200460A6D /* SceneDelegate.swift */,
			);
			path = Base;
			sourceTree = "<group>";
		};
		B332EB0028FBAD180088E168 /* Controller */ = {
			isa = PBXGroup;
			children = (
				B3363C3C28FBABB200460A6D /* CreateViewController.swift */,
				B332EB0528FBB8890088E168 /* HomeViewController.swift */,
				B332EB0728FBB8910088E168 /* UpdateViewController.swift */,
			);
			path = Controller;
			sourceTree = "<group>";
		};
		B332EB0928FBB91E0088E168 /* View */ = {
			isa = PBXGroup;
			children = (
				B3363C4328FBABB300460A6D /* LaunchScreen.storyboard */,
				B3363C3E28FBABB200460A6D /* Main.storyboard */,
			);
			path = View;
			sourceTree = "<group>";
		};
		B3363C2C28FBABB200460A6D = {
			isa = PBXGroup;
			children = (
				B3363C3728FBABB200460A6D /* Ex 01 User Default */,
				B3363C3628FBABB200460A6D /* Products */,
			);
			sourceTree = "<group>";
		};
		B3363C3628FBABB200460A6D /* Products */ = {
			isa = PBXGroup;
			children = (
				B3363C3528FBABB200460A6D /* Ex 01 User Default.app */,
			);
			name = Products;
			sourceTree = "<group>";
		};
		B3363C3728FBABB200460A6D /* Ex 01 User Default */ = {
			isa = PBXGroup;
			children = (
				B332EAFD28FBACD90088E168 /* Model */,
				B332EAFE28FBACF30088E168 /* Util */,
				B332EAFF28FBAD0D0088E168 /* Base */,
				B332EB0028FBAD180088E168 /* Controller */,
				B332EB0928FBB91E0088E168 /* View */,
				B3363C4128FBABB300460A6D /* Assets.xcassets */,
				B3363C4628FBABB300460A6D /* Info.plist */,
			);
			path = "Ex 01 User Default";
			sourceTree = "<group>";
		};
/* End PBXGroup section */

/* Begin PBXNativeTarget section */
		B3363C3428FBABB200460A6D /* Ex 01 User Default */ = {
			isa = PBXNativeTarget;
			buildConfigurationList = B3363C4928FBABB300460A6D /* Build configuration list for PBXNativeTarget "Ex 01 User Default" */;
			buildPhases = (
				B3363C3128FBABB200460A6D /* Sources */,
				B3363C3228FBABB200460A6D /* Frameworks */,
				B3363C3328FBABB200460A6D /* Resources */,
			);
			buildRules = (
			);
			dependencies = (
			);
			name = "Ex 01 User Default";
			productName = "Ex 01 User Default";
			productReference = B3363C3528FBABB200460A6D /* Ex 01 User Default.app */;
			productType = "com.apple.product-type.application";
		};
/* End PBXNativeTarget section */

/* Begin PBXProject section */
		B3363C2D28FBABB200460A6D /* Project object */ = {
			isa = PBXProject;
			attributes = {
				BuildIndependentTargetsInParallel = 1;
				LastSwiftUpdateCheck = 1400;
				LastUpgradeCheck = 1400;
				TargetAttributes = {
					B3363C3428FBABB200460A6D = {
						CreatedOnToolsVersion = 14.0.1;
					};
				};
			};
			buildConfigurationList = B3363C3028FBABB200460A6D /* Build configuration list for PBXProject "Ex 01 User Default" */;
			compatibilityVersion = "Xcode 14.0";
			developmentRegion = en;
			hasScannedForEncodings = 0;
			knownRegions = (
				en,
				Base,
			);
			mainGroup = B3363C2C28FBABB200460A6D;
			productRefGroup = B3363C3628FBABB200460A6D /* Products */;
			projectDirPath = "";
			projectRoot = "";
			targets = (
				B3363C3428FBABB200460A6D /* Ex 01 User Default */,
			);
		};
/* End PBXProject section */

/* Begin PBXResourcesBuildPhase section */
		B3363C3328FBABB200460A6D /* Resources */ = {
			isa = PBXResourcesBuildPhase;
			buildActionMask = 2147483647;
			files = (
				B3363C4528FBABB300460A6D /* LaunchScreen.storyboard in Resources */,
				B3363C4228FBABB300460A6D /* Assets.xcassets in Resources */,
				B3363C4028FBABB200460A6D /* Main.storyboard in Resources */,
			);
			runOnlyForDeploymentPostprocessing = 0;
		};
/* End PBXResourcesBuildPhase section */

/* Begin PBXSourcesBuildPhase section */
		B3363C3128FBABB200460A6D /* Sources */ = {
			isa = PBXSourcesBuildPhase;
			buildActionMask = 2147483647;
			files = (
				B3363C3D28FBABB200460A6D /* CreateViewController.swift in Sources */,
				B332EB0428FBAD980088E168 /* RoundButton.swift in Sources */,
				B3363C3928FBABB200460A6D /* AppDelegate.swift in Sources */,
				B3363C3B28FBABB200460A6D /* SceneDelegate.swift in Sources */,
				B332EB0228FBAD620088E168 /* ProfileModel.swift in Sources */,
				B332EB0828FBB8910088E168 /* UpdateViewController.swift in Sources */,
				B332EB0628FBB8890088E168 /* HomeViewController.swift in Sources */,
			);
			runOnlyForDeploymentPostprocessing = 0;
		};
/* End PBXSourcesBuildPhase section */

/* Begin PBXVariantGroup section */
		B3363C3E28FBABB200460A6D /* Main.storyboard */ = {
			isa = PBXVariantGroup;
			children = (
				B3363C3F28FBABB200460A6D /* Base */,
			);
			name = Main.storyboard;
			sourceTree = "<group>";
		};
		B3363C4328FBABB300460A6D /* LaunchScreen.storyboard */ = {
			isa = PBXVariantGroup;
			children = (
				B3363C4428FBABB300460A6D /* Base */,
			);
			name = LaunchScreen.storyboard;
			sourceTree = "<group>";
		};
/* End PBXVariantGroup section */

/* Begin XCBuildConfiguration section */
		B3363C4728FBABB300460A6D /* Debug */ = {
			isa = XCBuildConfiguration;
			buildSettings = {
				ALWAYS_SEARCH_USER_PATHS = NO;
				CLANG_ANALYZER_NONNULL = YES;
				CLANG_ANALYZER_NUMBER_OBJECT_CONVERSION = YES_AGGRESSIVE;
				CLANG_CXX_LANGUAGE_STANDARD = "gnu++20";
				CLANG_ENABLE_MODULES = YES;
				CLANG_ENABLE_OBJC_ARC = YES;
				CLANG_ENABLE_OBJC_WEAK = YES;
				CLANG_WARN_BLOCK_CAPTURE_AUTORELEASING = YES;
				CLANG_WARN_BOOL_CONVERSION = YES;
				CLANG_WARN_COMMA = YES;
				CLANG_WARN_CONSTANT_CONVERSION = YES;
				CLANG_WARN_DEPRECATED_OBJC_IMPLEMENTATIONS = YES;
				CLANG_WARN_DIRECT_OBJC_ISA_USAGE = YES_ERROR;
				CLANG_WARN_DOCUMENTATION_COMMENTS = YES;
				CLANG_WARN_EMPTY_BODY = YES;
				CLANG_WARN_ENUM_CONVERSION = YES;
				CLANG_WARN_INFINITE_RECURSION = YES;
				CLANG_WARN_INT_CONVERSION = YES;
				CLANG_WARN_NON_LITERAL_NULL_CONVERSION = YES;
				CLANG_WARN_OBJC_IMPLICIT_RETAIN_SELF = YES;
				CLANG_WARN_OBJC_LITERAL_CONVERSION = YES;
				CLANG_WARN_OBJC_ROOT_CLASS = YES_ERROR;
				CLANG_WARN_QUOTED_INCLUDE_IN_FRAMEWORK_HEADER = YES;
				CLANG_WARN_RANGE_LOOP_ANALYSIS = YES;
				CLANG_WARN_STRICT_PROTOTYPES = YES;
				CLANG_WARN_SUSPICIOUS_MOVE = YES;
				CLANG_WARN_UNGUARDED_AVAILABILITY = YES_AGGRESSIVE;
				CLANG_WARN_UNREACHABLE_CODE = YES;
				CLANG_WARN__DUPLICATE_METHOD_MATCH = YES;
				COPY_PHASE_STRIP = NO;
				DEBUG_INFORMATION_FORMAT = dwarf;
				ENABLE_STRICT_OBJC_MSGSEND = YES;
				ENABLE_TESTABILITY = YES;
				GCC_C_LANGUAGE_STANDARD = gnu11;
				GCC_DYNAMIC_NO_PIC = NO;
				GCC_NO_COMMON_BLOCKS = YES;
				GCC_OPTIMIZATION_LEVEL = 0;
				GCC_PREPROCESSOR_DEFINITIONS = (
					"DEBUG=1",
					"$(inherited)",
				);
				GCC_WARN_64_TO_32_BIT_CONVERSION = YES;
				GCC_WARN_ABOUT_RETURN_TYPE = YES_ERROR;
				GCC_WARN_UNDECLARED_SELECTOR = YES;
				GCC_WARN_UNINITIALIZED_AUTOS = YES_AGGRESSIVE;
				GCC_WARN_UNUSED_FUNCTION = YES;
				GCC_WARN_UNUSED_VARIABLE = YES;
				IPHONEOS_DEPLOYMENT_TARGET = 16.0;
				MTL_ENABLE_DEBUG_INFO = INCLUDE_SOURCE;
				MTL_FAST_MATH = YES;
				ONLY_ACTIVE_ARCH = YES;
				SDKROOT = iphoneos;
				SWIFT_ACTIVE_COMPILATION_CONDITIONS = DEBUG;
				SWIFT_OPTIMIZATION_LEVEL = "-Onone";
			};
			name = Debug;
		};
		B3363C4828FBABB300460A6D /* Release */ = {
			isa = XCBuildConfiguration;
			buildSettings = {
				ALWAYS_SEARCH_USER_PATHS = NO;
				CLANG_ANALYZER_NONNULL = YES;
				CLANG_ANALYZER_NUMBER_OBJECT_CONVERSION = YES_AGGRESSIVE;
				CLANG_CXX_LANGUAGE_STANDARD = "gnu++20";
				CLANG_ENABLE_MODULES = YES;
				CLANG_ENABLE_OBJC_ARC = YES;
				CLANG_ENABLE_OBJC_WEAK = YES;
				CLANG_WARN_BLOCK_CAPTURE_AUTORELEASING = YES;
				CLANG_WARN_BOOL_CONVERSION = YES;
				CLANG_WARN_COMMA = YES;
				CLANG_WARN_CONSTANT_CONVERSION = YES;
				CLANG_WARN_DEPRECATED_OBJC_IMPLEMENTATIONS = YES;
				CLANG_WARN_DIRECT_OBJC_ISA_USAGE = YES_ERROR;
				CLANG_WARN_DOCUMENTATION_COMMENTS = YES;
				CLANG_WARN_EMPTY_BODY = YES;
				CLANG_WARN_ENUM_CONVERSION = YES;
				CLANG_WARN_INFINITE_RECURSION = YES;
				CLANG_WARN_INT_CONVERSION = YES;
				CLANG_WARN_NON_LITERAL_NULL_CONVERSION = YES;
				CLANG_WARN_OBJC_IMPLICIT_RETAIN_SELF = YES;
				CLANG_WARN_OBJC_LITERAL_CONVERSION = YES;
				CLANG_WARN_OBJC_ROOT_CLASS = YES_ERROR;
				CLANG_WARN_QUOTED_INCLUDE_IN_FRAMEWORK_HEADER = YES;
				CLANG_WARN_RANGE_LOOP_ANALYSIS = YES;
				CLANG_WARN_STRICT_PROTOTYPES = YES;
				CLANG_WARN_SUSPICIOUS_MOVE = YES;
				CLANG_WARN_UNGUARDED_AVAILABILITY = YES_AGGRESSIVE;
				CLANG_WARN_UNREACHABLE_CODE = YES;
				CLANG_WARN__DUPLICATE_METHOD_MATCH = YES;
				COPY_PHASE_STRIP = NO;
				DEBUG_INFORMATION_FORMAT = "dwarf-with-dsym";
				ENABLE_NS_ASSERTIONS = NO;
				ENABLE_STRICT_OBJC_MSGSEND = YES;
				GCC_C_LANGUAGE_STANDARD = gnu11;
				GCC_NO_COMMON_BLOCKS = YES;
				GCC_WARN_64_TO_32_BIT_CONVERSION = YES;
				GCC_WARN_ABOUT_RETURN_TYPE = YES_ERROR;
				GCC_WARN_UNDECLARED_SELECTOR = YES;
				GCC_WARN_UNINITIALIZED_AUTOS = YES_AGGRESSIVE;
				GCC_WARN_UNUSED_FUNCTION = YES;
				GCC_WARN_UNUSED_VARIABLE = YES;
				IPHONEOS_DEPLOYMENT_TARGET = 16.0;
				MTL_ENABLE_DEBUG_INFO = NO;
				MTL_FAST_MATH = YES;
				SDKROOT = iphoneos;
				SWIFT_COMPILATION_MODE = wholemodule;
				SWIFT_OPTIMIZATION_LEVEL = "-O";
				VALIDATE_PRODUCT = YES;
			};
			name = Release;
		};
		B3363C4A28FBABB300460A6D /* Debug */ = {
			isa = XCBuildConfiguration;
			buildSettings = {
				ASSETCATALOG_COMPILER_APPICON_NAME = AppIcon;
				ASSETCATALOG_COMPILER_GLOBAL_ACCENT_COLOR_NAME = AccentColor;
				CODE_SIGN_STYLE = Automatic;
				CURRENT_PROJECT_VERSION = 1;
				DEVELOPMENT_TEAM = Q36DPB2949;
				GENERATE_INFOPLIST_FILE = YES;
				INFOPLIST_FILE = "Ex 01 User Default/Info.plist";
				INFOPLIST_KEY_UIApplicationSupportsIndirectInputEvents = YES;
				INFOPLIST_KEY_UILaunchStoryboardName = LaunchScreen;
				INFOPLIST_KEY_UIMainStoryboardFile = Main;
				INFOPLIST_KEY_UISupportedInterfaceOrientations_iPad = "UIInterfaceOrientationPortrait UIInterfaceOrientationPortraitUpsideDown UIInterfaceOrientationLandscapeLeft UIInterfaceOrientationLandscapeRight";
				INFOPLIST_KEY_UISupportedInterfaceOrientations_iPhone = "UIInterfaceOrientationPortrait UIInterfaceOrientationLandscapeLeft UIInterfaceOrientationLandscapeRight";
				LD_RUNPATH_SEARCH_PATHS = (
					"$(inherited)",
					"@executable_path/Frameworks",
				);
				MARKETING_VERSION = 1.0;
				PRODUCT_BUNDLE_IDENTIFIER = "septehabudin.Ex-01-User-Default";
				PRODUCT_NAME = "$(TARGET_NAME)";
				SWIFT_EMIT_LOC_STRINGS = YES;
				SWIFT_VERSION = 5.0;
				TARGETED_DEVICE_FAMILY = "1,2";
			};
			name = Debug;
		};
		B3363C4B28FBABB300460A6D /* Release */ = {
			isa = XCBuildConfiguration;
			buildSettings = {
				ASSETCATALOG_COMPILER_APPICON_NAME = AppIcon;
				ASSETCATALOG_COMPILER_GLOBAL_ACCENT_COLOR_NAME = AccentColor;
				CODE_SIGN_STYLE = Automatic;
				CURRENT_PROJECT_VERSION = 1;
				DEVELOPMENT_TEAM = Q36DPB2949;
				GENERATE_INFOPLIST_FILE = YES;
				INFOPLIST_FILE = "Ex 01 User Default/Info.plist";
				INFOPLIST_KEY_UIApplicationSupportsIndirectInputEvents = YES;
				INFOPLIST_KEY_UILaunchStoryboardName = LaunchScreen;
				INFOPLIST_KEY_UIMainStoryboardFile = Main;
				INFOPLIST_KEY_UISupportedInterfaceOrientations_iPad = "UIInterfaceOrientationPortrait UIInterfaceOrientationPortraitUpsideDown UIInterfaceOrientationLandscapeLeft UIInterfaceOrientationLandscapeRight";
				INFOPLIST_KEY_UISupportedInterfaceOrientations_iPhone = "UIInterfaceOrientationPortrait UIInterfaceOrientationLandscapeLeft UIInterfaceOrientationLandscapeRight";
				LD_RUNPATH_SEARCH_PATHS = (
					"$(inherited)",
					"@executable_path/Frameworks",
				);
				MARKETING_VERSION = 1.0;
				PRODUCT_BUNDLE_IDENTIFIER = "septehabudin.Ex-01-User-Default";
				PRODUCT_NAME = "$(TARGET_NAME)";
				SWIFT_EMIT_LOC_STRINGS = YES;
				SWIFT_VERSION = 5.0;
				TARGETED_DEVICE_FAMILY = "1,2";
			};
			name = Release;
		};
/* End XCBuildConfiguration section */

/* Begin XCConfigurationList section */
		B3363C3028FBABB200460A6D /* Build configuration list for PBXProject "Ex 01 User Default" */ = {
			isa = XCConfigurationList;
			buildConfigurations = (
				B3363C4728FBABB300460A6D /* Debug */,
				B3363C4828FBABB300460A6D /* Release */,
			);
			defaultConfigurationIsVisible = 0;
			defaultConfigurationName = Release;
		};
		B3363C4928FBABB300460A6D /* Build configuration list for PBXNativeTarget "Ex 01 User Default" */ = {
			isa = XCConfigurationList;
			buildConfigurations = (
				B3363C4A28FBABB300460A6D /* Debug */,
				B3363C4B28FBABB300460A6D /* Release */,
			);
			defaultConfigurationIsVisible = 0;
			defaultConfigurationName = Release;
		};
/* End XCConfigurationList section */
	};
	rootObject = B3363C2D28FBABB200460A6D /* Project object */;
}
